
Microsoft Visual Studio Solution File, Format Version 12.00
# Visual Studio Version 16
VisualStudioVersion = 16.0.29920.165
MinimumVisualStudioVersion = 10.0.40219.1
Project("{9A19103F-16F7-4668-BE54-9A1E7A4F7556}") = "InformationSearchBasics.Crawler", "Crawler\InformationSearchBasics.Crawler.csproj", "{00700071-9820-4181-AEE5-31B313F4B847}"
EndProject
Project("{9A19103F-16F7-4668-BE54-9A1E7A4F7556}") = "InformationSearchBasics.Lemmatizer", "Lemmatizer\InformationSearchBasics.Lemmatizer.csproj", "{C1A0AF1E-F6A5-4AC0-B105-73380BE4CD5A}"
EndProject
Project("{9A19103F-16F7-4668-BE54-9A1E7A4F7556}") = "InformationSearchBasics.TokenizationLemmatization", "TokenizationLemmatization\InformationSearchBasics.TokenizationLemmatization.csproj", "{539E4808-7023-408D-A8C6-5632D375116E}"
EndProject
Project("{9A19103F-16F7-4668-BE54-9A1E7A4F7556}") = "InformationSearchBasics.Index", "Index\InformationSearchBasics.Index.csproj", "{1D616ED3-876C-42FF-AC47-ED66C9E75974}"
EndProject
Project("{FAE04EC0-301F-11D3-BF4B-00C04F79EFBC}") = "InformationSearchBasics.SearchParamsCalculator", "SearchParamsCalculator\InformationSearchBasics.SearchParamsCalculator.csproj", "{9A2F7F79-1661-4FDB-AAFD-93FB2918FD74}"
EndProject
Project("{FAE04EC0-301F-11D3-BF4B-00C04F79EFBC}") = "InformationSearchBasics.Utils", "InformationSearchBasics.Utils\InformationSearchBasics.Utils.csproj", "{57379E1C-EF68-41A4-B2D0-20D1C7902595}"
EndProject
Global
	GlobalSection(SolutionConfigurationPlatforms) = preSolution
		Debug|Any CPU = Debug|Any CPU
		Release|Any CPU = Release|Any CPU
	EndGlobalSection
	GlobalSection(ProjectConfigurationPlatforms) = postSolution
		{00700071-9820-4181-AEE5-31B313F4B847}.Debug|Any CPU.ActiveCfg = Debug|Any CPU
		{00700071-9820-4181-AEE5-31B313F4B847}.Debug|Any CPU.Build.0 = Debug|Any CPU
		{00700071-9820-4181-AEE5-31B313F4B847}.Release|Any CPU.ActiveCfg = Release|Any CPU
		{00700071-9820-4181-AEE5-31B313F4B847}.Release|Any CPU.Build.0 = Release|Any CPU
		{C1A0AF1E-F6A5-4AC0-B105-73380BE4CD5A}.Debug|Any CPU.ActiveCfg = Debug|Any CPU
		{C1A0AF1E-F6A5-4AC0-B105-73380BE4CD5A}.Debug|Any CPU.Build.0 = Debug|Any CPU
		{C1A0AF1E-F6A5-4AC0-B105-73380BE4CD5A}.Release|Any CPU.ActiveCfg = Release|Any CPU
		{C1A0AF1E-F6A5-4AC0-B105-73380BE4CD5A}.Release|Any CPU.Build.0 = Release|Any CPU
		{539E4808-7023-408D-A8C6-5632D375116E}.Debug|Any CPU.ActiveCfg = Debug|Any CPU
		{539E4808-7023-408D-A8C6-5632D375116E}.Debug|Any CPU.Build.0 = Debug|Any CPU
		{539E4808-7023-408D-A8C6-5632D375116E}.Release|Any CPU.ActiveCfg = Release|Any CPU
		{539E4808-7023-408D-A8C6-5632D375116E}.Release|Any CPU.Build.0 = Release|Any CPU
		{1D616ED3-876C-42FF-AC47-ED66C9E75974}.Debug|Any CPU.ActiveCfg = Debug|Any CPU
		{1D616ED3-876C-42FF-AC47-ED66C9E75974}.Debug|Any CPU.Build.0 = Debug|Any CPU
		{1D616ED3-876C-42FF-AC47-ED66C9E75974}.Release|Any CPU.ActiveCfg = Release|Any CPU
		{1D616ED3-876C-42FF-AC47-ED66C9E75974}.Release|Any CPU.Build.0 = Release|Any CPU
		{9A2F7F79-1661-4FDB-AAFD-93FB2918FD74}.Debug|Any CPU.ActiveCfg = Debug|Any CPU
		{9A2F7F79-1661-4FDB-AAFD-93FB2918FD74}.Debug|Any CPU.Build.0 = Debug|Any CPU
		{9A2F7F79-1661-4FDB-AAFD-93FB2918FD74}.Release|Any CPU.ActiveCfg = Release|Any CPU
		{9A2F7F79-1661-4FDB-AAFD-93FB2918FD74}.Release|Any CPU.Build.0 = Release|Any CPU
		{57379E1C-EF68-41A4-B2D0-20D1C7902595}.Debug|Any CPU.ActiveCfg = Debug|Any CPU
		{57379E1C-EF68-41A4-B2D0-20D1C7902595}.Debug|Any CPU.Build.0 = Debug|Any CPU
		{57379E1C-EF68-41A4-B2D0-20D1C7902595}.Release|Any CPU.ActiveCfg = Release|Any CPU
		{57379E1C-EF68-41A4-B2D0-20D1C7902595}.Release|Any CPU.Build.0 = Release|Any CPU
	EndGlobalSection
	GlobalSection(SolutionProperties) = preSolution
		HideSolutionNode = FALSE
	EndGlobalSection
	GlobalSection(ExtensibilityGlobals) = postSolution
		SolutionGuid = {963F79B8-7370-4DF9-A0DB-3E98B49633CA}
	EndGlobalSection
EndGlobal
